
Microsoft Visual Studio Solution File, Format Version 12.00
# Visual Studio Version 16
VisualStudioVersion = 16.0.33927.289
MinimumVisualStudioVersion = 10.0.40219.1
Project("{2150E333-8FDC-42A3-9474-1A3956D46DE8}") = "Task0", "Task0", "{AE564E9F-87FB-44C6-B103-ADC51BAB01E4}"
EndProject
Project("{FAE04EC0-301F-11D3-BF4B-00C04F79EFBC}") = "Tyuiu.MedvedevA.Sprint2.Task0.V15", "Tyuiu.MedvedevA.Sprint2.Task0.V15\Tyuiu.MedvedevA.Sprint2.Task0.V15.csproj", "{05894D79-C6FC-41C6-9422-60B64AA50C98}"
EndProject
Project("{FAE04EC0-301F-11D3-BF4B-00C04F79EFBC}") = "Tyuiu.MedvedevA.Sprint2.Task0.V15.Lib", "Tyuiu.MedvedevA.Sprint2.Task0.V15.Lib\Tyuiu.MedvedevA.Sprint2.Task0.V15.Lib.csproj", "{AB02CEA1-81FA-458F-9DCE-9602FB7575BB}"
EndProject
Project("{FAE04EC0-301F-11D3-BF4B-00C04F79EFBC}") = "Tyuiu.MedvedevA.Sprint2.Task0.V15.Test", "Tyuiu.MedvedevA.Sprint2.Task0.V15.Test\Tyuiu.MedvedevA.Sprint2.Task0.V15.Test.csproj", "{DC3D89B7-AAA8-4B01-943E-8B246F3CA6D9}"
EndProject
Project("{2150E333-8FDC-42A3-9474-1A3956D46DE8}") = "Task1", "Task1", "{0ED3DA69-69DC-4DF1-B404-1A3C1CB6D202}"
EndProject
Project("{FAE04EC0-301F-11D3-BF4B-00C04F79EFBC}") = "Tyuiu.MedvedevA.Sprint2.Task1.V11", "Tyuiu.MedvedevA.Sprint2.Task1.V11\Tyuiu.MedvedevA.Sprint2.Task1.V11.csproj", "{E9ADFA86-3811-4D34-8E1D-D684E4D3C012}"
EndProject
Project("{FAE04EC0-301F-11D3-BF4B-00C04F79EFBC}") = "Tyuiu.MedvedevA.Sprint2.Task1.V11.Lib", "Tyuiu.MedvedevA.Sprint2.Task1.V11.Lib\Tyuiu.MedvedevA.Sprint2.Task1.V11.Lib.csproj", "{2746244C-3026-415B-972A-E8ABA005BB2C}"
EndProject
Project("{FAE04EC0-301F-11D3-BF4B-00C04F79EFBC}") = "Tyuiu.MedvedevA.Sprint2.Task1.V11.Test", "Tyuiu.MedvedevA.Sprint2.Task1.V11.Test\Tyuiu.MedvedevA.Sprint2.Task1.V11.Test.csproj", "{657D2CD4-338B-4A29-92F4-6E952DC52A34}"
EndProject
Project("{2150E333-8FDC-42A3-9474-1A3956D46DE8}") = "Task2", "Task2", "{C27AC960-C098-4B8C-81CF-1D4292DCFE7A}"
EndProject
Project("{FAE04EC0-301F-11D3-BF4B-00C04F79EFBC}") = "Tyuiu.MedvedevA.Sprint2.Task2.V22", "Tyuiu.MedvedevA.Sprint2.Task2.V22\Tyuiu.MedvedevA.Sprint2.Task2.V22.csproj", "{EBFDD060-3943-4CDB-A28F-0B17ED43B76B}"
EndProject
Project("{FAE04EC0-301F-11D3-BF4B-00C04F79EFBC}") = "Tyuiu.MedvedevA.Sprint2.Task2.V22.Lib", "Tyuiu.MedvedevA.Sprint2.Task2.V22.Lib\Tyuiu.MedvedevA.Sprint2.Task2.V22.Lib.csproj", "{52EBA6E6-0FAC-4CFB-B53A-4B4CD43F1194}"
EndProject
Project("{FAE04EC0-301F-11D3-BF4B-00C04F79EFBC}") = "Tyuiu.MedvedevA.Sprint2.Task2.V22.Test", "Tyuiu.MedvedevA.Sprint2.Task2.V22.Test\Tyuiu.MedvedevA.Sprint2.Task2.V22.Test.csproj", "{891DBA77-ADF8-4630-A416-AF0C0E99C5F6}"
EndProject
Project("{2150E333-8FDC-42A3-9474-1A3956D46DE8}") = "Task3", "Task3", "{4F2FB0BE-7458-4639-AEC4-5AB071F481B7}"
EndProject
Project("{FAE04EC0-301F-11D3-BF4B-00C04F79EFBC}") = "Tyuiu.MedvedevA.Sprint2.Task3.V6", "Tyuiu.MedvedevA.Sprint2.Task3.V6\Tyuiu.MedvedevA.Sprint2.Task3.V6.csproj", "{1AF03F4E-9C33-4ABB-8A0F-1BD020CFC200}"
EndProject
Project("{FAE04EC0-301F-11D3-BF4B-00C04F79EFBC}") = "Tyuiu.MedvedevA.Sprint2.Task3.V6.Lib", "Tyuiu.MedvedevA.Sprint2.Task3.V6.Lib\Tyuiu.MedvedevA.Sprint2.Task3.V6.Lib.csproj", "{C8B45D74-F432-4489-8429-5D94A81C4571}"
EndProject
Project("{FAE04EC0-301F-11D3-BF4B-00C04F79EFBC}") = "Tyuiu.MedvedevA.Sprint2.Task3.V6.Test", "Tyuiu.MedvedevA.Sprint2.Task3.V6.Test\Tyuiu.MedvedevA.Sprint2.Task3.V6.Test.csproj", "{7E8561F9-9A89-4F93-A079-054779656709}"
EndProject
Global
	GlobalSection(SolutionConfigurationPlatforms) = preSolution
		Debug|Any CPU = Debug|Any CPU
		Release|Any CPU = Release|Any CPU
	EndGlobalSection
	GlobalSection(ProjectConfigurationPlatforms) = postSolution
		{05894D79-C6FC-41C6-9422-60B64AA50C98}.Debug|Any CPU.ActiveCfg = Debug|Any CPU
		{05894D79-C6FC-41C6-9422-60B64AA50C98}.Debug|Any CPU.Build.0 = Debug|Any CPU
		{05894D79-C6FC-41C6-9422-60B64AA50C98}.Release|Any CPU.ActiveCfg = Release|Any CPU
		{05894D79-C6FC-41C6-9422-60B64AA50C98}.Release|Any CPU.Build.0 = Release|Any CPU
		{AB02CEA1-81FA-458F-9DCE-9602FB7575BB}.Debug|Any CPU.ActiveCfg = Debug|Any CPU
		{AB02CEA1-81FA-458F-9DCE-9602FB7575BB}.Debug|Any CPU.Build.0 = Debug|Any CPU
		{AB02CEA1-81FA-458F-9DCE-9602FB7575BB}.Release|Any CPU.ActiveCfg = Release|Any CPU
		{AB02CEA1-81FA-458F-9DCE-9602FB7575BB}.Release|Any CPU.Build.0 = Release|Any CPU
		{DC3D89B7-AAA8-4B01-943E-8B246F3CA6D9}.Debug|Any CPU.ActiveCfg = Debug|Any CPU
		{DC3D89B7-AAA8-4B01-943E-8B246F3CA6D9}.Debug|Any CPU.Build.0 = Debug|Any CPU
		{DC3D89B7-AAA8-4B01-943E-8B246F3CA6D9}.Release|Any CPU.ActiveCfg = Release|Any CPU
		{DC3D89B7-AAA8-4B01-943E-8B246F3CA6D9}.Release|Any CPU.Build.0 = Release|Any CPU
		{E9ADFA86-3811-4D34-8E1D-D684E4D3C012}.Debug|Any CPU.ActiveCfg = Debug|Any CPU
		{E9ADFA86-3811-4D34-8E1D-D684E4D3C012}.Debug|Any CPU.Build.0 = Debug|Any CPU
		{E9ADFA86-3811-4D34-8E1D-D684E4D3C012}.Release|Any CPU.ActiveCfg = Release|Any CPU
		{E9ADFA86-3811-4D34-8E1D-D684E4D3C012}.Release|Any CPU.Build.0 = Release|Any CPU
		{2746244C-3026-415B-972A-E8ABA005BB2C}.Debug|Any CPU.ActiveCfg = Debug|Any CPU
		{2746244C-3026-415B-972A-E8ABA005BB2C}.Debug|Any CPU.Build.0 = Debug|Any CPU
		{2746244C-3026-415B-972A-E8ABA005BB2C}.Release|Any CPU.ActiveCfg = Release|Any CPU
		{2746244C-3026-415B-972A-E8ABA005BB2C}.Release|Any CPU.Build.0 = Release|Any CPU
		{657D2CD4-338B-4A29-92F4-6E952DC52A34}.Debug|Any CPU.ActiveCfg = Debug|Any CPU
		{657D2CD4-338B-4A29-92F4-6E952DC52A34}.Debug|Any CPU.Build.0 = Debug|Any CPU
		{657D2CD4-338B-4A29-92F4-6E952DC52A34}.Release|Any CPU.ActiveCfg = Release|Any CPU
		{657D2CD4-338B-4A29-92F4-6E952DC52A34}.Release|Any CPU.Build.0 = Release|Any CPU
		{EBFDD060-3943-4CDB-A28F-0B17ED43B76B}.Debug|Any CPU.ActiveCfg = Debug|Any CPU
		{EBFDD060-3943-4CDB-A28F-0B17ED43B76B}.Debug|Any CPU.Build.0 = Debug|Any CPU
		{EBFDD060-3943-4CDB-A28F-0B17ED43B76B}.Release|Any CPU.ActiveCfg = Release|Any CPU
		{EBFDD060-3943-4CDB-A28F-0B17ED43B76B}.Release|Any CPU.Build.0 = Release|Any CPU
		{52EBA6E6-0FAC-4CFB-B53A-4B4CD43F1194}.Debug|Any CPU.ActiveCfg = Debug|Any CPU
		{52EBA6E6-0FAC-4CFB-B53A-4B4CD43F1194}.Debug|Any CPU.Build.0 = Debug|Any CPU
		{52EBA6E6-0FAC-4CFB-B53A-4B4CD43F1194}.Release|Any CPU.ActiveCfg = Release|Any CPU
		{52EBA6E6-0FAC-4CFB-B53A-4B4CD43F1194}.Release|Any CPU.Build.0 = Release|Any CPU
		{891DBA77-ADF8-4630-A416-AF0C0E99C5F6}.Debug|Any CPU.ActiveCfg = Debug|Any CPU
		{891DBA77-ADF8-4630-A416-AF0C0E99C5F6}.Debug|Any CPU.Build.0 = Debug|Any CPU
		{891DBA77-ADF8-4630-A416-AF0C0E99C5F6}.Release|Any CPU.ActiveCfg = Release|Any CPU
		{891DBA77-ADF8-4630-A416-AF0C0E99C5F6}.Release|Any CPU.Build.0 = Release|Any CPU
		{1AF03F4E-9C33-4ABB-8A0F-1BD020CFC200}.Debug|Any CPU.ActiveCfg = Debug|Any CPU
		{1AF03F4E-9C33-4ABB-8A0F-1BD020CFC200}.Debug|Any CPU.Build.0 = Debug|Any CPU
		{1AF03F4E-9C33-4ABB-8A0F-1BD020CFC200}.Release|Any CPU.ActiveCfg = Release|Any CPU
		{1AF03F4E-9C33-4ABB-8A0F-1BD020CFC200}.Release|Any CPU.Build.0 = Release|Any CPU
		{C8B45D74-F432-4489-8429-5D94A81C4571}.Debug|Any CPU.ActiveCfg = Debug|Any CPU
		{C8B45D74-F432-4489-8429-5D94A81C4571}.Debug|Any CPU.Build.0 = Debug|Any CPU
		{C8B45D74-F432-4489-8429-5D94A81C4571}.Release|Any CPU.ActiveCfg = Release|Any CPU
		{C8B45D74-F432-4489-8429-5D94A81C4571}.Release|Any CPU.Build.0 = Release|Any CPU
		{7E8561F9-9A89-4F93-A079-054779656709}.Debug|Any CPU.ActiveCfg = Debug|Any CPU
		{7E8561F9-9A89-4F93-A079-054779656709}.Debug|Any CPU.Build.0 = Debug|Any CPU
		{7E8561F9-9A89-4F93-A079-054779656709}.Release|Any CPU.ActiveCfg = Release|Any CPU
		{7E8561F9-9A89-4F93-A079-054779656709}.Release|Any CPU.Build.0 = Release|Any CPU
	EndGlobalSection
	GlobalSection(SolutionProperties) = preSolution
		HideSolutionNode = FALSE
	EndGlobalSection
	GlobalSection(NestedProjects) = preSolution
		{05894D79-C6FC-41C6-9422-60B64AA50C98} = {AE564E9F-87FB-44C6-B103-ADC51BAB01E4}
		{AB02CEA1-81FA-458F-9DCE-9602FB7575BB} = {AE564E9F-87FB-44C6-B103-ADC51BAB01E4}
		{DC3D89B7-AAA8-4B01-943E-8B246F3CA6D9} = {AE564E9F-87FB-44C6-B103-ADC51BAB01E4}
		{E9ADFA86-3811-4D34-8E1D-D684E4D3C012} = {0ED3DA69-69DC-4DF1-B404-1A3C1CB6D202}
		{2746244C-3026-415B-972A-E8ABA005BB2C} = {0ED3DA69-69DC-4DF1-B404-1A3C1CB6D202}
		{657D2CD4-338B-4A29-92F4-6E952DC52A34} = {0ED3DA69-69DC-4DF1-B404-1A3C1CB6D202}
		{EBFDD060-3943-4CDB-A28F-0B17ED43B76B} = {C27AC960-C098-4B8C-81CF-1D4292DCFE7A}
		{52EBA6E6-0FAC-4CFB-B53A-4B4CD43F1194} = {C27AC960-C098-4B8C-81CF-1D4292DCFE7A}
		{891DBA77-ADF8-4630-A416-AF0C0E99C5F6} = {C27AC960-C098-4B8C-81CF-1D4292DCFE7A}
		{1AF03F4E-9C33-4ABB-8A0F-1BD020CFC200} = {4F2FB0BE-7458-4639-AEC4-5AB071F481B7}
		{C8B45D74-F432-4489-8429-5D94A81C4571} = {4F2FB0BE-7458-4639-AEC4-5AB071F481B7}
		{7E8561F9-9A89-4F93-A079-054779656709} = {4F2FB0BE-7458-4639-AEC4-5AB071F481B7}
	EndGlobalSection
	GlobalSection(ExtensibilityGlobals) = postSolution
		SolutionGuid = {86B0F40F-9397-4851-8AB0-31F12463AB28}
	EndGlobalSection
EndGlobal
